// !$*UTF8*$!
{
	archiveVersion = 1;
	classes = {
	};
	objectVersion = 51;
	objects = {

/* Begin PBXBuildFile section */
		2E14791FD5669E1CD0551BFA /* Pods_Submission.framework in Frameworks */ = {isa = PBXBuildFile; fileRef = FA6F060BB970E2C11F2C7B3A /* Pods_Submission.framework */; };
		FB1D11C3244DA03000BE6D53 /* DetailView.swift in Sources */ = {isa = PBXBuildFile; fileRef = FB1D11C2244DA03000BE6D53 /* DetailView.swift */; };
		FB1D11C5244DF42400BE6D53 /* ProfileView.swift in Sources */ = {isa = PBXBuildFile; fileRef = FB1D11C4244DF42400BE6D53 /* ProfileView.swift */; };
		FB5B3FDC244CA6ED0036E608 /* FoodView.swift in Sources */ = {isa = PBXBuildFile; fileRef = FB5B3FDB244CA6ED0036E608 /* FoodView.swift */; };
		FB8BF7AE2448B323009C7910 /* AppDelegate.swift in Sources */ = {isa = PBXBuildFile; fileRef = FB8BF7AD2448B323009C7910 /* AppDelegate.swift */; };
		FB8BF7B02448B323009C7910 /* SceneDelegate.swift in Sources */ = {isa = PBXBuildFile; fileRef = FB8BF7AF2448B323009C7910 /* SceneDelegate.swift */; };
		FB8BF7B22448B323009C7910 /* ContentView.swift in Sources */ = {isa = PBXBuildFile; fileRef = FB8BF7B12448B323009C7910 /* ContentView.swift */; };
		FB8BF7B42448B326009C7910 /* Assets.xcassets in Resources */ = {isa = PBXBuildFile; fileRef = FB8BF7B32448B326009C7910 /* Assets.xcassets */; };
		FB8BF7B72448B326009C7910 /* Preview Assets.xcassets in Resources */ = {isa = PBXBuildFile; fileRef = FB8BF7B62448B326009C7910 /* Preview Assets.xcassets */; };
		FB8BF7BA2448B326009C7910 /* LaunchScreen.storyboard in Resources */ = {isa = PBXBuildFile; fileRef = FB8BF7B82448B326009C7910 /* LaunchScreen.storyboard */; };
		FBAF10ED244B50DE00C1906E /* Food.swift in Sources */ = {isa = PBXBuildFile; fileRef = FBAF10EC244B50DE00C1906E /* Food.swift */; };
		FBAF10EF244B580C00C1906E /* DataFood.swift in Sources */ = {isa = PBXBuildFile; fileRef = FBAF10EE244B580C00C1906E /* DataFood.swift */; };
/* End PBXBuildFile section */

/* Begin PBXFileReference section */
		9D0DBAA10DF89B5F8121947E /* Pods-Submission.debug.xcconfig */ = {isa = PBXFileReference; includeInIndex = 1; lastKnownFileType = text.xcconfig; name = "Pods-Submission.debug.xcconfig"; path = "Target Support Files/Pods-Submission/Pods-Submission.debug.xcconfig"; sourceTree = "<group>"; };
		A5E128205C0E2BA33FB06ED3 /* Pods-Submission.release.xcconfig */ = {isa = PBXFileReference; includeInIndex = 1; lastKnownFileType = text.xcconfig; name = "Pods-Submission.release.xcconfig"; path = "Target Support Files/Pods-Submission/Pods-Submission.release.xcconfig"; sourceTree = "<group>"; };
		FA6F060BB970E2C11F2C7B3A /* Pods_Submission.framework */ = {isa = PBXFileReference; explicitFileType = wrapper.framework; includeInIndex = 0; path = Pods_Submission.framework; sourceTree = BUILT_PRODUCTS_DIR; };
		FB1D11C2244DA03000BE6D53 /* DetailView.swift */ = {isa = PBXFileReference; lastKnownFileType = sourcecode.swift; path = DetailView.swift; sourceTree = "<group>"; };
		FB1D11C4244DF42400BE6D53 /* ProfileView.swift */ = {isa = PBXFileReference; lastKnownFileType = sourcecode.swift; path = ProfileView.swift; sourceTree = "<group>"; };
		FB5B3FDB244CA6ED0036E608 /* FoodView.swift */ = {isa = PBXFileReference; lastKnownFileType = sourcecode.swift; path = FoodView.swift; sourceTree = "<group>"; };
		FB8BF7AA2448B323009C7910 /* Submission.app */ = {isa = PBXFileReference; explicitFileType = wrapper.application; includeInIndex = 0; path = Submission.app; sourceTree = BUILT_PRODUCTS_DIR; };
		FB8BF7AD2448B323009C7910 /* AppDelegate.swift */ = {isa = PBXFileReference; lastKnownFileType = sourcecode.swift; path = AppDelegate.swift; sourceTree = "<group>"; };
		FB8BF7AF2448B323009C7910 /* SceneDelegate.swift */ = {isa = PBXFileReference; lastKnownFileType = sourcecode.swift; path = SceneDelegate.swift; sourceTree = "<group>"; };
		FB8BF7B12448B323009C7910 /* ContentView.swift */ = {isa = PBXFileReference; lastKnownFileType = sourcecode.swift; path = ContentView.swift; sourceTree = "<group>"; };
		FB8BF7B32448B326009C7910 /* Assets.xcassets */ = {isa = PBXFileReference; lastKnownFileType = folder.assetcatalog; path = Assets.xcassets; sourceTree = "<group>"; };
		FB8BF7B62448B326009C7910 /* Preview Assets.xcassets */ = {isa = PBXFileReference; lastKnownFileType = folder.assetcatalog; path = "Preview Assets.xcassets"; sourceTree = "<group>"; };
		FB8BF7B92448B326009C7910 /* Base */ = {isa = PBXFileReference; lastKnownFileType = file.storyboard; name = Base; path = Base.lproj/LaunchScreen.storyboard; sourceTree = "<group>"; };
		FB8BF7BB2448B326009C7910 /* Info.plist */ = {isa = PBXFileReference; lastKnownFileType = text.plist.xml; path = Info.plist; sourceTree = "<group>"; };
		FBAF10EC244B50DE00C1906E /* Food.swift */ = {isa = PBXFileReference; lastKnownFileType = sourcecode.swift; path = Food.swift; sourceTree = "<group>"; };
		FBAF10EE244B580C00C1906E /* DataFood.swift */ = {isa = PBXFileReference; lastKnownFileType = sourcecode.swift; path = DataFood.swift; sourceTree = "<group>"; };
/* End PBXFileReference section */

/* Begin PBXFrameworksBuildPhase section */
		FB8BF7A72448B323009C7910 /* Frameworks */ = {
			isa = PBXFrameworksBuildPhase;
			buildActionMask = 2147483647;
			files = (
				2E14791FD5669E1CD0551BFA /* Pods_Submission.framework in Frameworks */,
			);
			runOnlyForDeploymentPostprocessing = 0;
		};
/* End PBXFrameworksBuildPhase section */

/* Begin PBXGroup section */
		481C0979E47D0230DF3FC39D /* Frameworks */ = {
			isa = PBXGroup;
			children = (
				FA6F060BB970E2C11F2C7B3A /* Pods_Submission.framework */,
			);
			name = Frameworks;
			sourceTree = "<group>";
		};
		9DA9B9541FE78A53EEBAAC2F /* Pods */ = {
			isa = PBXGroup;
			children = (
				9D0DBAA10DF89B5F8121947E /* Pods-Submission.debug.xcconfig */,
				A5E128205C0E2BA33FB06ED3 /* Pods-Submission.release.xcconfig */,
			);
			path = Pods;
			sourceTree = "<group>";
		};
		FB5B3FD7244C302A0036E608 /* Base */ = {
			isa = PBXGroup;
			children = (
				FB8BF7AD2448B323009C7910 /* AppDelegate.swift */,
				FB8BF7AF2448B323009C7910 /* SceneDelegate.swift */,
			);
			path = Base;
			sourceTree = "<group>";
		};
		FB5B3FD8244C306F0036E608 /* View */ = {
			isa = PBXGroup;
			children = (
				FB8BF7B12448B323009C7910 /* ContentView.swift */,
				FB1D11C4244DF42400BE6D53 /* ProfileView.swift */,
				FB8BF7B82448B326009C7910 /* LaunchScreen.storyboard */,
				FB5B3FDB244CA6ED0036E608 /* FoodView.swift */,
				FB1D11C2244DA03000BE6D53 /* DetailView.swift */,
			);
			path = View;
			sourceTree = "<group>";
		};
		FB8BF7A12448B323009C7910 = {
			isa = PBXGroup;
			children = (
				FB8BF7AC2448B323009C7910 /* Submission */,
				FB8BF7AB2448B323009C7910 /* Products */,
				9DA9B9541FE78A53EEBAAC2F /* Pods */,
				481C0979E47D0230DF3FC39D /* Frameworks */,
			);
			sourceTree = "<group>";
		};
		FB8BF7AB2448B323009C7910 /* Products */ = {
			isa = PBXGroup;
			children = (
				FB8BF7AA2448B323009C7910 /* Submission.app */,
			);
			name = Products;
			sourceTree = "<group>";
		};
		FB8BF7AC2448B323009C7910 /* Submission */ = {
			isa = PBXGroup;
			children = (
				FB5B3FD8244C306F0036E608 /* View */,
				FB5B3FD7244C302A0036E608 /* Base */,
				FBAF10EB244B509F00C1906E /* Model */,
				FB8BF7B32448B326009C7910 /* Assets.xcassets */,
				FB8BF7BB2448B326009C7910 /* Info.plist */,
				FB8BF7B52448B326009C7910 /* Preview Content */,
			);
			path = Submission;
			sourceTree = "<group>";
		};
		FB8BF7B52448B326009C7910 /* Preview Content */ = {
			isa = PBXGroup;
			children = (
				FB8BF7B62448B326009C7910 /* Preview Assets.xcassets */,
			);
			path = "Preview Content";
			sourceTree = "<group>";
		};
		FBAF10EB244B509F00C1906E /* Model */ = {
			isa = PBXGroup;
			children = (
				FBAF10EC244B50DE00C1906E /* Food.swift */,
				FBAF10EE244B580C00C1906E /* DataFood.swift */,
			);
			path = Model;
			sourceTree = "<group>";
		};
/* End PBXGroup section */

/* Begin PBXNativeTarget section */
		FB8BF7A92448B323009C7910 /* Submission */ = {
			isa = PBXNativeTarget;
			buildConfigurationList = FB8BF7BE2448B326009C7910 /* Build configuration list for PBXNativeTarget "Submission" */;
			buildPhases = (
				FEAC7057DE669E1C4C6B1250 /* [CP] Check Pods Manifest.lock */,
				FB8BF7A62448B323009C7910 /* Sources */,
				FB8BF7A72448B323009C7910 /* Frameworks */,
				FB8BF7A82448B323009C7910 /* Resources */,
				E0C1A1477B2B927B8F343D57 /* [CP] Embed Pods Frameworks */,
			);
			buildRules = (
			);
			dependencies = (
			);
			name = Submission;
			productName = Submission;
			productReference = FB8BF7AA2448B323009C7910 /* Submission.app */;
			productType = "com.apple.product-type.application";
		};
/* End PBXNativeTarget section */

/* Begin PBXProject section */
		FB8BF7A22448B323009C7910 /* Project object */ = {
			isa = PBXProject;
			attributes = {
				LastSwiftUpdateCheck = 1130;
				LastUpgradeCheck = 1250;
				ORGANIZATIONNAME = "rifat khadafy";
				TargetAttributes = {
					FB8BF7A92448B323009C7910 = {
						CreatedOnToolsVersion = 11.3.1;
					};
				};
			};
			buildConfigurationList = FB8BF7A52448B323009C7910 /* Build configuration list for PBXProject "Submission" */;
			compatibilityVersion = "Xcode 9.3";
			developmentRegion = en;
			hasScannedForEncodings = 0;
			knownRegions = (
				en,
				Base,
			);
			mainGroup = FB8BF7A12448B323009C7910;
			productRefGroup = FB8BF7AB2448B323009C7910 /* Products */;
			projectDirPath = "";
			projectRoot = "";
			targets = (
				FB8BF7A92448B323009C7910 /* Submission */,
			);
		};
/* End PBXProject section */

/* Begin PBXResourcesBuildPhase section */
		FB8BF7A82448B323009C7910 /* Resources */ = {
			isa = PBXResourcesBuildPhase;
			buildActionMask = 2147483647;
			files = (
				FB8BF7BA2448B326009C7910 /* LaunchScreen.storyboard in Resources */,
				FB8BF7B72448B326009C7910 /* Preview Assets.xcassets in Resources */,
				FB8BF7B42448B326009C7910 /* Assets.xcassets in Resources */,
			);
			runOnlyForDeploymentPostprocessing = 0;
		};
/* End PBXResourcesBuildPhase section */

/* Begin PBXShellScriptBuildPhase section */
		E0C1A1477B2B927B8F343D57 /* [CP] Embed Pods Frameworks */ = {
			isa = PBXShellScriptBuildPhase;
			buildActionMask = 2147483647;
			files = (
			);
			inputFileListPaths = (
				"${PODS_ROOT}/Target Support Files/Pods-Submission/Pods-Submission-frameworks-${CONFIGURATION}-input-files.xcfilelist",
			);
			name = "[CP] Embed Pods Frameworks";
			outputFileListPaths = (
				"${PODS_ROOT}/Target Support Files/Pods-Submission/Pods-Submission-frameworks-${CONFIGURATION}-output-files.xcfilelist",
			);
			runOnlyForDeploymentPostprocessing = 0;
			shellPath = /bin/sh;
			shellScript = "\"${PODS_ROOT}/Target Support Files/Pods-Submission/Pods-Submission-frameworks.sh\"\n";
			showEnvVarsInLog = 0;
		};
		FEAC7057DE669E1C4C6B1250 /* [CP] Check Pods Manifest.lock */ = {
			isa = PBXShellScriptBuildPhase;
			buildActionMask = 2147483647;
			files = (
			);
			inputFileListPaths = (
			);
			inputPaths = (
				"${PODS_PODFILE_DIR_PATH}/Podfile.lock",
				"${PODS_ROOT}/Manifest.lock",
			);
			name = "[CP] Check Pods Manifest.lock";
			outputFileListPaths = (
			);
			outputPaths = (
				"$(DERIVED_FILE_DIR)/Pods-Submission-checkManifestLockResult.txt",
			);
			runOnlyForDeploymentPostprocessing = 0;
			shellPath = /bin/sh;
			shellScript = "diff \"${PODS_PODFILE_DIR_PATH}/Podfile.lock\" \"${PODS_ROOT}/Manifest.lock\" > /dev/null\nif [ $? != 0 ] ; then\n    # print error to STDERR\n    echo \"error: The sandbox is not in sync with the Podfile.lock. Run 'pod install' or update your CocoaPods installation.\" >&2\n    exit 1\nfi\n# This output is used by Xcode 'outputs' to avoid re-running this script phase.\necho \"SUCCESS\" > \"${SCRIPT_OUTPUT_FILE_0}\"\n";
			showEnvVarsInLog = 0;
		};
/* End PBXShellScriptBuildPhase section */

/* Begin PBXSourcesBuildPhase section */
		FB8BF7A62448B323009C7910 /* Sources */ = {
			isa = PBXSourcesBuildPhase;
			buildActionMask = 2147483647;
			files = (
				FB1D11C5244DF42400BE6D53 /* ProfileView.swift in Sources */,
				FB5B3FDC244CA6ED0036E608 /* FoodView.swift in Sources */,
				FB8BF7AE2448B323009C7910 /* AppDelegate.swift in Sources */,
				FBAF10EF244B580C00C1906E /* DataFood.swift in Sources */,
				FB1D11C3244DA03000BE6D53 /* DetailView.swift in Sources */,
				FBAF10ED244B50DE00C1906E /* Food.swift in Sources */,
				FB8BF7B02448B323009C7910 /* SceneDelegate.swift in Sources */,
				FB8BF7B22448B323009C7910 /* ContentView.swift in Sources */,
			);
			runOnlyForDeploymentPostprocessing = 0;
		};
/* End PBXSourcesBuildPhase section */

/* Begin PBXVariantGroup section */
		FB8BF7B82448B326009C7910 /* LaunchScreen.storyboard */ = {
			isa = PBXVariantGroup;
			children = (
				FB8BF7B92448B326009C7910 /* Base */,
			);
			name = LaunchScreen.storyboard;
			sourceTree = "<group>";
		};
/* End PBXVariantGroup section */

/* Begin XCBuildConfiguration section */
		FB8BF7BC2448B326009C7910 /* Debug */ = {
			isa = XCBuildConfiguration;
			buildSettings = {
				ALWAYS_SEARCH_USER_PATHS = NO;
				CLANG_ANALYZER_NONNULL = YES;
				CLANG_ANALYZER_NUMBER_OBJECT_CONVERSION = YES_AGGRESSIVE;
				CLANG_CXX_LANGUAGE_STANDARD = "gnu++14";
				CLANG_CXX_LIBRARY = "libc++";
				CLANG_ENABLE_MODULES = YES;
				CLANG_ENABLE_OBJC_ARC = YES;
				CLANG_ENABLE_OBJC_WEAK = YES;
				CLANG_WARN_BLOCK_CAPTURE_AUTORELEASING = YES;
				CLANG_WARN_BOOL_CONVERSION = YES;
				CLANG_WARN_COMMA = YES;
				CLANG_WARN_CONSTANT_CONVERSION = YES;
				CLANG_WARN_DEPRECATED_OBJC_IMPLEMENTATIONS = YES;
				CLANG_WARN_DIRECT_OBJC_ISA_USAGE = YES_ERROR;
				CLANG_WARN_DOCUMENTATION_COMMENTS = YES;
				CLANG_WARN_EMPTY_BODY = YES;
				CLANG_WARN_ENUM_CONVERSION = YES;
				CLANG_WARN_INFINITE_RECURSION = YES;
				CLANG_WARN_INT_CONVERSION = YES;
				CLANG_WARN_NON_LITERAL_NULL_CONVERSION = YES;
				CLANG_WARN_OBJC_IMPLICIT_RETAIN_SELF = YES;
				CLANG_WARN_OBJC_LITERAL_CONVERSION = YES;
				CLANG_WARN_OBJC_ROOT_CLASS = YES_ERROR;
				CLANG_WARN_QUOTED_INCLUDE_IN_FRAMEWORK_HEADER = YES;
				CLANG_WARN_RANGE_LOOP_ANALYSIS = YES;
				CLANG_WARN_STRICT_PROTOTYPES = YES;
				CLANG_WARN_SUSPICIOUS_MOVE = YES;
				CLANG_WARN_UNGUARDED_AVAILABILITY = YES_AGGRESSIVE;
				CLANG_WARN_UNREACHABLE_CODE = YES;
				CLANG_WARN__DUPLICATE_METHOD_MATCH = YES;
				COPY_PHASE_STRIP = NO;
				DEBUG_INFORMATION_FORMAT = dwarf;
				ENABLE_STRICT_OBJC_MSGSEND = YES;
				ENABLE_TESTABILITY = YES;
				GCC_C_LANGUAGE_STANDARD = gnu11;
				GCC_DYNAMIC_NO_PIC = NO;
				GCC_NO_COMMON_BLOCKS = YES;
				GCC_OPTIMIZATION_LEVEL = 0;
				GCC_PREPROCESSOR_DEFINITIONS = (
					"DEBUG=1",
					"$(inherited)",
				);
				GCC_WARN_64_TO_32_BIT_CONVERSION = YES;
				GCC_WARN_ABOUT_RETURN_TYPE = YES_ERROR;
				GCC_WARN_UNDECLARED_SELECTOR = YES;
				GCC_WARN_UNINITIALIZED_AUTOS = YES_AGGRESSIVE;
				GCC_WARN_UNUSED_FUNCTION = YES;
				GCC_WARN_UNUSED_VARIABLE = YES;
				IPHONEOS_DEPLOYMENT_TARGET = 13.2;
				MTL_ENABLE_DEBUG_INFO = INCLUDE_SOURCE;
				MTL_FAST_MATH = YES;
				ONLY_ACTIVE_ARCH = YES;
				SDKROOT = iphoneos;
				SWIFT_ACTIVE_COMPILATION_CONDITIONS = DEBUG;
				SWIFT_OPTIMIZATION_LEVEL = "-Onone";
			};
			name = Debug;
		};
		FB8BF7BD2448B326009C7910 /* Release */ = {
			isa = XCBuildConfiguration;
			buildSettings = {
				ALWAYS_SEARCH_USER_PATHS = NO;
				CLANG_ANALYZER_NONNULL = YES;
				CLANG_ANALYZER_NUMBER_OBJECT_CONVERSION = YES_AGGRESSIVE;
				CLANG_CXX_LANGUAGE_STANDARD = "gnu++14";
				CLANG_CXX_LIBRARY = "libc++";
				CLANG_ENABLE_MODULES = YES;
				CLANG_ENABLE_OBJC_ARC = YES;
				CLANG_ENABLE_OBJC_WEAK = YES;
				CLANG_WARN_BLOCK_CAPTURE_AUTORELEASING = YES;
				CLANG_WARN_BOOL_CONVERSION = YES;
				CLANG_WARN_COMMA = YES;
				CLANG_WARN_CONSTANT_CONVERSION = YES;
				CLANG_WARN_DEPRECATED_OBJC_IMPLEMENTATIONS = YES;
				CLANG_WARN_DIRECT_OBJC_ISA_USAGE = YES_ERROR;
				CLANG_WARN_DOCUMENTATION_COMMENTS = YES;
				CLANG_WARN_EMPTY_BODY = YES;
				CLANG_WARN_ENUM_CONVERSION = YES;
				CLANG_WARN_INFINITE_RECURSION = YES;
				CLANG_WARN_INT_CONVERSION = YES;
				CLANG_WARN_NON_LITERAL_NULL_CONVERSION = YES;
				CLANG_WARN_OBJC_IMPLICIT_RETAIN_SELF = YES;
				CLANG_WARN_OBJC_LITERAL_CONVERSION = YES;
				CLANG_WARN_OBJC_ROOT_CLASS = YES_ERROR;
				CLANG_WARN_QUOTED_INCLUDE_IN_FRAMEWORK_HEADER = YES;
				CLANG_WARN_RANGE_LOOP_ANALYSIS = YES;
				CLANG_WARN_STRICT_PROTOTYPES = YES;
				CLANG_WARN_SUSPICIOUS_MOVE = YES;
				CLANG_WARN_UNGUARDED_AVAILABILITY = YES_AGGRESSIVE;
				CLANG_WARN_UNREACHABLE_CODE = YES;
				CLANG_WARN__DUPLICATE_METHOD_MATCH = YES;
				COPY_PHASE_STRIP = NO;
				DEBUG_INFORMATION_FORMAT = "dwarf-with-dsym";
				ENABLE_NS_ASSERTIONS = NO;
				ENABLE_STRICT_OBJC_MSGSEND = YES;
				GCC_C_LANGUAGE_STANDARD = gnu11;
				GCC_NO_COMMON_BLOCKS = YES;
				GCC_WARN_64_TO_32_BIT_CONVERSION = YES;
				GCC_WARN_ABOUT_RETURN_TYPE = YES_ERROR;
				GCC_WARN_UNDECLARED_SELECTOR = YES;
				GCC_WARN_UNINITIALIZED_AUTOS = YES_AGGRESSIVE;
				GCC_WARN_UNUSED_FUNCTION = YES;
				GCC_WARN_UNUSED_VARIABLE = YES;
				IPHONEOS_DEPLOYMENT_TARGET = 13.2;
				MTL_ENABLE_DEBUG_INFO = NO;
				MTL_FAST_MATH = YES;
				SDKROOT = iphoneos;
				SWIFT_COMPILATION_MODE = wholemodule;
				SWIFT_OPTIMIZATION_LEVEL = "-O";
				VALIDATE_PRODUCT = YES;
			};
			name = Release;
		};
		FB8BF7BF2448B326009C7910 /* Debug */ = {
			isa = XCBuildConfiguration;
			baseConfigurationReference = 9D0DBAA10DF89B5F8121947E /* Pods-Submission.debug.xcconfig */;
			buildSettings = {
				ASSETCATALOG_COMPILER_APPICON_NAME = AppIcon;
				CODE_SIGN_STYLE = Automatic;
				DEVELOPMENT_ASSET_PATHS = "\"Submission/Preview Content\"";
				DEVELOPMENT_TEAM = 68FP6TZ275;
				ENABLE_PREVIEWS = YES;
				INFOPLIST_FILE = Submission/Info.plist;
				LD_RUNPATH_SEARCH_PATHS = (
					"$(inherited)",
					"@executable_path/Frameworks",
				);
				PRODUCT_BUNDLE_IDENTIFIER = hachiand.Submission;
				PRODUCT_NAME = "$(TARGET_NAME)";
				SWIFT_VERSION = 5.0;
				TARGETED_DEVICE_FAMILY = "1,2";
			};
			name = Debug;
		};
		FB8BF7C02448B326009C7910 /* Release */ = {
			isa = XCBuildConfiguration;
			baseConfigurationReference = A5E128205C0E2BA33FB06ED3 /* Pods-Submission.release.xcconfig */;
			buildSettings = {
				ASSETCATALOG_COMPILER_APPICON_NAME = AppIcon;
				CODE_SIGN_STYLE = Automatic;
				DEVELOPMENT_ASSET_PATHS = "\"Submission/Preview Content\"";
				DEVELOPMENT_TEAM = 68FP6TZ275;
				ENABLE_PREVIEWS = YES;
				INFOPLIST_FILE = Submission/Info.plist;
				LD_RUNPATH_SEARCH_PATHS = (
					"$(inherited)",
					"@executable_path/Frameworks",
				);
				PRODUCT_BUNDLE_IDENTIFIER = hachiand.Submission;
				PRODUCT_NAME = "$(TARGET_NAME)";
				SWIFT_VERSION = 5.0;
				TARGETED_DEVICE_FAMILY = "1,2";
			};
			name = Release;
		};
/* End XCBuildConfiguration section */

/* Begin XCConfigurationList section */
		FB8BF7A52448B323009C7910 /* Build configuration list for PBXProject "Submission" */ = {
			isa = XCConfigurationList;
			buildConfigurations = (
				FB8BF7BC2448B326009C7910 /* Debug */,
				FB8BF7BD2448B326009C7910 /* Release */,
			);
			defaultConfigurationIsVisible = 0;
			defaultConfigurationName = Release;
		};
		FB8BF7BE2448B326009C7910 /* Build configuration list for PBXNativeTarget "Submission" */ = {
			isa = XCConfigurationList;
			buildConfigurations = (
				FB8BF7BF2448B326009C7910 /* Debug */,
				FB8BF7C02448B326009C7910 /* Release */,
			);
			defaultConfigurationIsVisible = 0;
			defaultConfigurationName = Release;
		};
/* End XCConfigurationList section */
	};
	rootObject = FB8BF7A22448B323009C7910 /* Project object */;
}
